
Microsoft Visual Studio Solution File, Format Version 12.00
# Visual Studio Version 16
VisualStudioVersion = 16.0.30523.141
MinimumVisualStudioVersion = 10.0.40219.1
Project("{FAE04EC0-301F-11D3-BF4B-00C04F79EFBC}") = "ReservaCochera", "ReservaCochera.csproj", "{934C4462-C130-40D1-BD2C-A808A98ED709}"
EndProject
Project("{FAE04EC0-301F-11D3-BF4B-00C04F79EFBC}") = "Entidades", "..\USQLCSharpProject1\Entidades.csproj", "{62CB5165-90E0-432A-982D-5FCCE11F3231}"
EndProject
Project("{FAE04EC0-301F-11D3-BF4B-00C04F79EFBC}") = "Datos", "..\DataBase\Datos.csproj", "{E72A7529-EADD-4786-860D-17D869FA98E1}"
EndProject
Project("{FAE04EC0-301F-11D3-BF4B-00C04F79EFBC}") = "Negocios", "..\Negocios\Negocios.csproj", "{3700821B-81C9-4140-BB3C-EECD114AE419}"
EndProject
Global
	GlobalSection(SolutionConfigurationPlatforms) = preSolution
		Debug|Any CPU = Debug|Any CPU
		Release|Any CPU = Release|Any CPU
	EndGlobalSection
	GlobalSection(ProjectConfigurationPlatforms) = postSolution
		{934C4462-C130-40D1-BD2C-A808A98ED709}.Debug|Any CPU.ActiveCfg = Debug|Any CPU
		{934C4462-C130-40D1-BD2C-A808A98ED709}.Debug|Any CPU.Build.0 = Debug|Any CPU
		{934C4462-C130-40D1-BD2C-A808A98ED709}.Release|Any CPU.ActiveCfg = Release|Any CPU
		{934C4462-C130-40D1-BD2C-A808A98ED709}.Release|Any CPU.Build.0 = Release|Any CPU
		{62CB5165-90E0-432A-982D-5FCCE11F3231}.Debug|Any CPU.ActiveCfg = Debug|Any CPU
		{62CB5165-90E0-432A-982D-5FCCE11F3231}.Debug|Any CPU.Build.0 = Debug|Any CPU
		{62CB5165-90E0-432A-982D-5FCCE11F3231}.Release|Any CPU.ActiveCfg = Release|Any CPU
		{62CB5165-90E0-432A-982D-5FCCE11F3231}.Release|Any CPU.Build.0 = Release|Any CPU
		{E72A7529-EADD-4786-860D-17D869FA98E1}.Debug|Any CPU.ActiveCfg = Debug|Any CPU
		{E72A7529-EADD-4786-860D-17D869FA98E1}.Debug|Any CPU.Build.0 = Debug|Any CPU
		{E72A7529-EADD-4786-860D-17D869FA98E1}.Release|Any CPU.ActiveCfg = Release|Any CPU
		{E72A7529-EADD-4786-860D-17D869FA98E1}.Release|Any CPU.Build.0 = Release|Any CPU
		{3700821B-81C9-4140-BB3C-EECD114AE419}.Debug|Any CPU.ActiveCfg = Debug|Any CPU
		{3700821B-81C9-4140-BB3C-EECD114AE419}.Debug|Any CPU.Build.0 = Debug|Any CPU
		{3700821B-81C9-4140-BB3C-EECD114AE419}.Release|Any CPU.ActiveCfg = Release|Any CPU
		{3700821B-81C9-4140-BB3C-EECD114AE419}.Release|Any CPU.Build.0 = Release|Any CPU
	EndGlobalSection
	GlobalSection(SolutionProperties) = preSolution
		HideSolutionNode = FALSE
	EndGlobalSection
	GlobalSection(ExtensibilityGlobals) = postSolution
		SolutionGuid = {9A687746-53CA-4B00-8E92-966A9C374218}
	EndGlobalSection
EndGlobal
